
Microsoft Visual Studio Solution File, Format Version 12.00
# Visual Studio 15
VisualStudioVersion = 15.0.27428.2005
MinimumVisualStudioVersion = 10.0.40219.1
Project("{FAE04EC0-301F-11D3-BF4B-00C04F79EFBC}") = "NEAT", "NEAT\NEAT.csproj", "{843A2E3E-7E5F-424B-8ABF-C8D26B81D3A8}"
EndProject
Global
	GlobalSection(SolutionConfigurationPlatforms) = preSolution
		Debug|Any CPU = Debug|Any CPU
		Release|Any CPU = Release|Any CPU
	EndGlobalSection
	GlobalSection(ProjectConfigurationPlatforms) = postSolution
		{843A2E3E-7E5F-424B-8ABF-C8D26B81D3A8}.Debug|Any CPU.ActiveCfg = Debug|Any CPU
		{843A2E3E-7E5F-424B-8ABF-C8D26B81D3A8}.Debug|Any CPU.Build.0 = Debug|Any CPU
		{843A2E3E-7E5F-424B-8ABF-C8D26B81D3A8}.Release|Any CPU.ActiveCfg = Release|Any CPU
		{843A2E3E-7E5F-424B-8ABF-C8D26B81D3A8}.Release|Any CPU.Build.0 = Release|Any CPU
	EndGlobalSection
	GlobalSection(SolutionProperties) = preSolution
		HideSolutionNeuron = FALSE
	EndGlobalSection
	GlobalSection(ExtensibilityGlobals) = postSolution
		SolutionGuid = {A83DB64C-9BE0-4A78-A5BD-8E9774C6CB67}
	EndGlobalSection
EndGlobal
